
Microsoft Visual Studio Solution File, Format Version 12.00
# Visual Studio Version 16
VisualStudioVersion = 16.0.29920.165
MinimumVisualStudioVersion = 10.0.40219.1
Project("{888888A0-9F3D-457C-B088-3A5042F75D52}") = "KinematicsSolver", "KinematicsSolver\KinematicsSolver.pyproj", "{DA8A24F6-E877-4D84-BA47-39397CE90D25}"
EndProject
Global
	GlobalSection(SolutionConfigurationPlatforms) = preSolution
		Debug|Any CPU = Debug|Any CPU
		Release|Any CPU = Release|Any CPU
	EndGlobalSection
	GlobalSection(ProjectConfigurationPlatforms) = postSolution
		{DA8A24F6-E877-4D84-BA47-39397CE90D25}.Debug|Any CPU.ActiveCfg = Debug|Any CPU
		{DA8A24F6-E877-4D84-BA47-39397CE90D25}.Release|Any CPU.ActiveCfg = Release|Any CPU
	EndGlobalSection
	GlobalSection(SolutionProperties) = preSolution
		HideSolutionNode = FALSE
	EndGlobalSection
	GlobalSection(ExtensibilityGlobals) = postSolution
		SolutionGuid = {B49F160A-A4BF-4804-9B88-4B2C47D22C65}
	EndGlobalSection
EndGlobal
